
Microsoft Visual Studio Solution File, Format Version 12.00
# Visual Studio Version 16
VisualStudioVersion = 16.0.808.5
MinimumVisualStudioVersion = 10.0.40219.1
Project("{FAE04EC0-301F-11D3-BF4B-00C04F79EFBC}") = "Ex1", "Lesson1\Ex1.csproj", "{C9F160D6-C939-49DB-9211-6DB5F9E9185C}"
EndProject
Project("{FAE04EC0-301F-11D3-BF4B-00C04F79EFBC}") = "Ex2", "Ex2\Ex2.csproj", "{98153E6D-C2AB-4D70-813F-1C0FD12F30CF}"
EndProject
Project("{FAE04EC0-301F-11D3-BF4B-00C04F79EFBC}") = "Ex3", "Ex3\Ex3.csproj", "{2DC9DB4D-A30C-4F6D-95AC-31A119114A8E}"
EndProject
Project("{FAE04EC0-301F-11D3-BF4B-00C04F79EFBC}") = "Ex4", "Ex4\Ex4.csproj", "{FF3C034F-B9AB-490F-9E3C-EE59A7D1BB1F}"
EndProject
Global
	GlobalSection(SolutionConfigurationPlatforms) = preSolution
		Debug|anycpu = Debug|anycpu
		Release|anycpu = Release|anycpu
	EndGlobalSection
	GlobalSection(ProjectConfigurationPlatforms) = postSolution
		{C9F160D6-C939-49DB-9211-6DB5F9E9185C}.Debug|anycpu.ActiveCfg = Debug|anycpu
		{C9F160D6-C939-49DB-9211-6DB5F9E9185C}.Debug|anycpu.Build.0 = Debug|anycpu
		{C9F160D6-C939-49DB-9211-6DB5F9E9185C}.Release|anycpu.ActiveCfg = Release|anycpu
		{C9F160D6-C939-49DB-9211-6DB5F9E9185C}.Release|anycpu.Build.0 = Release|anycpu
		{98153E6D-C2AB-4D70-813F-1C0FD12F30CF}.Debug|anycpu.ActiveCfg = Debug|anycpu
		{98153E6D-C2AB-4D70-813F-1C0FD12F30CF}.Debug|anycpu.Build.0 = Debug|anycpu
		{98153E6D-C2AB-4D70-813F-1C0FD12F30CF}.Release|anycpu.ActiveCfg = Release|anycpu
		{98153E6D-C2AB-4D70-813F-1C0FD12F30CF}.Release|anycpu.Build.0 = Release|anycpu
		{2DC9DB4D-A30C-4F6D-95AC-31A119114A8E}.Debug|anycpu.ActiveCfg = Debug|anycpu
		{2DC9DB4D-A30C-4F6D-95AC-31A119114A8E}.Debug|anycpu.Build.0 = Debug|anycpu
		{2DC9DB4D-A30C-4F6D-95AC-31A119114A8E}.Release|anycpu.ActiveCfg = Release|anycpu
		{2DC9DB4D-A30C-4F6D-95AC-31A119114A8E}.Release|anycpu.Build.0 = Release|anycpu
		{FF3C034F-B9AB-490F-9E3C-EE59A7D1BB1F}.Debug|anycpu.ActiveCfg = Debug|anycpu
		{FF3C034F-B9AB-490F-9E3C-EE59A7D1BB1F}.Debug|anycpu.Build.0 = Debug|anycpu
		{FF3C034F-B9AB-490F-9E3C-EE59A7D1BB1F}.Release|anycpu.ActiveCfg = Release|anycpu
		{FF3C034F-B9AB-490F-9E3C-EE59A7D1BB1F}.Release|anycpu.Build.0 = Release|anycpu
	EndGlobalSection
	GlobalSection(SolutionProperties) = preSolution
		HideSolutionNode = FALSE
	EndGlobalSection
	GlobalSection(ExtensibilityGlobals) = postSolution
		SolutionGuid = {1FCF9DDF-218C-4E71-B541-7AF0F60178C0}
	EndGlobalSection
EndGlobal
