
Microsoft Visual Studio Solution File, Format Version 12.00
# Visual Studio Version 16
VisualStudioVersion = 16.0.808.5
MinimumVisualStudioVersion = 10.0.40219.1
Project("{FAE04EC0-301F-11D3-BF4B-00C04F79EFBC}") = "Ex1", "Ex1\Ex1.csproj", "{240EBCCE-6F15-45E3-BA60-E1AF726D02AC}"
EndProject
Project("{FAE04EC0-301F-11D3-BF4B-00C04F79EFBC}") = "Ex2", "Ex2\Ex2.csproj", "{9CB4F6A5-07A8-4865-866D-E53DF776EEBA}"
EndProject
Project("{FAE04EC0-301F-11D3-BF4B-00C04F79EFBC}") = "Ex4", "Ex4\Ex4.csproj", "{B4EFD318-C74B-434C-87B6-C7CFAD8CB8D5}"
EndProject
Project("{FAE04EC0-301F-11D3-BF4B-00C04F79EFBC}") = "Ex3", "Ex3\Ex3.csproj", "{1792CFBE-277B-4A95-BF2D-5E101FB72EEB}"
EndProject
Global
	GlobalSection(SolutionConfigurationPlatforms) = preSolution
		Debug|anycpu = Debug|anycpu
		Release|anycpu = Release|anycpu
	EndGlobalSection
	GlobalSection(ProjectConfigurationPlatforms) = postSolution
		{240EBCCE-6F15-45E3-BA60-E1AF726D02AC}.Debug|anycpu.ActiveCfg = Debug|anycpu
		{240EBCCE-6F15-45E3-BA60-E1AF726D02AC}.Debug|anycpu.Build.0 = Debug|anycpu
		{240EBCCE-6F15-45E3-BA60-E1AF726D02AC}.Release|anycpu.ActiveCfg = Release|anycpu
		{240EBCCE-6F15-45E3-BA60-E1AF726D02AC}.Release|anycpu.Build.0 = Release|anycpu
		{9CB4F6A5-07A8-4865-866D-E53DF776EEBA}.Debug|anycpu.ActiveCfg = Debug|anycpu
		{9CB4F6A5-07A8-4865-866D-E53DF776EEBA}.Debug|anycpu.Build.0 = Debug|anycpu
		{9CB4F6A5-07A8-4865-866D-E53DF776EEBA}.Release|anycpu.ActiveCfg = Release|anycpu
		{9CB4F6A5-07A8-4865-866D-E53DF776EEBA}.Release|anycpu.Build.0 = Release|anycpu
		{B4EFD318-C74B-434C-87B6-C7CFAD8CB8D5}.Debug|anycpu.ActiveCfg = Debug|anycpu
		{B4EFD318-C74B-434C-87B6-C7CFAD8CB8D5}.Debug|anycpu.Build.0 = Debug|anycpu
		{B4EFD318-C74B-434C-87B6-C7CFAD8CB8D5}.Release|anycpu.ActiveCfg = Release|anycpu
		{B4EFD318-C74B-434C-87B6-C7CFAD8CB8D5}.Release|anycpu.Build.0 = Release|anycpu
		{1792CFBE-277B-4A95-BF2D-5E101FB72EEB}.Debug|anycpu.ActiveCfg = Debug|anycpu
		{1792CFBE-277B-4A95-BF2D-5E101FB72EEB}.Debug|anycpu.Build.0 = Debug|anycpu
		{1792CFBE-277B-4A95-BF2D-5E101FB72EEB}.Release|anycpu.ActiveCfg = Release|anycpu
		{1792CFBE-277B-4A95-BF2D-5E101FB72EEB}.Release|anycpu.Build.0 = Release|anycpu
	EndGlobalSection
	GlobalSection(SolutionProperties) = preSolution
		HideSolutionNode = FALSE
	EndGlobalSection
	GlobalSection(ExtensibilityGlobals) = postSolution
		SolutionGuid = {E59E5464-AE92-43A3-ABD9-01726E58867D}
	EndGlobalSection
EndGlobal
