
Microsoft Visual Studio Solution File, Format Version 12.00
# Visual Studio Version 16
VisualStudioVersion = 16.0.808.5
MinimumVisualStudioVersion = 10.0.40219.1
Project("{FAE04EC0-301F-11D3-BF4B-00C04F79EFBC}") = "Ex1", "Ex1\Ex1.csproj", "{BC74EA8F-1C18-4B3C-BC0A-740DE548B459}"
EndProject
Project("{FAE04EC0-301F-11D3-BF4B-00C04F79EFBC}") = "Ex2", "Ex2\Ex2.csproj", "{B107AA59-BABE-45EE-9588-2F3C4E052185}"
EndProject
Project("{FAE04EC0-301F-11D3-BF4B-00C04F79EFBC}") = "Ex3", "Ex3\Ex3.csproj", "{F560DA13-562A-4852-8B8D-F342EDC0EAF4}"
EndProject
Project("{FAE04EC0-301F-11D3-BF4B-00C04F79EFBC}") = "Ex4", "Ex4\Ex4.csproj", "{7385BC0E-9FB3-4A9E-B044-3D4257388F96}"
EndProject
Project("{FAE04EC0-301F-11D3-BF4B-00C04F79EFBC}") = "Ex5", "Ex5\Ex5.csproj", "{18AB9927-BAEA-4727-81D1-9054C14DDC60}"
EndProject
Global
	GlobalSection(SolutionConfigurationPlatforms) = preSolution
		Debug|anycpu = Debug|anycpu
		Release|anycpu = Release|anycpu
	EndGlobalSection
	GlobalSection(ProjectConfigurationPlatforms) = postSolution
		{BC74EA8F-1C18-4B3C-BC0A-740DE548B459}.Debug|anycpu.ActiveCfg = Debug|anycpu
		{BC74EA8F-1C18-4B3C-BC0A-740DE548B459}.Debug|anycpu.Build.0 = Debug|anycpu
		{BC74EA8F-1C18-4B3C-BC0A-740DE548B459}.Release|anycpu.ActiveCfg = Release|anycpu
		{BC74EA8F-1C18-4B3C-BC0A-740DE548B459}.Release|anycpu.Build.0 = Release|anycpu
		{B107AA59-BABE-45EE-9588-2F3C4E052185}.Debug|anycpu.ActiveCfg = Debug|anycpu
		{B107AA59-BABE-45EE-9588-2F3C4E052185}.Debug|anycpu.Build.0 = Debug|anycpu
		{B107AA59-BABE-45EE-9588-2F3C4E052185}.Release|anycpu.ActiveCfg = Release|anycpu
		{B107AA59-BABE-45EE-9588-2F3C4E052185}.Release|anycpu.Build.0 = Release|anycpu
		{F560DA13-562A-4852-8B8D-F342EDC0EAF4}.Debug|anycpu.ActiveCfg = Debug|anycpu
		{F560DA13-562A-4852-8B8D-F342EDC0EAF4}.Debug|anycpu.Build.0 = Debug|anycpu
		{F560DA13-562A-4852-8B8D-F342EDC0EAF4}.Release|anycpu.ActiveCfg = Release|anycpu
		{F560DA13-562A-4852-8B8D-F342EDC0EAF4}.Release|anycpu.Build.0 = Release|anycpu
		{7385BC0E-9FB3-4A9E-B044-3D4257388F96}.Debug|anycpu.ActiveCfg = Debug|anycpu
		{7385BC0E-9FB3-4A9E-B044-3D4257388F96}.Debug|anycpu.Build.0 = Debug|anycpu
		{7385BC0E-9FB3-4A9E-B044-3D4257388F96}.Release|anycpu.ActiveCfg = Release|anycpu
		{7385BC0E-9FB3-4A9E-B044-3D4257388F96}.Release|anycpu.Build.0 = Release|anycpu
		{18AB9927-BAEA-4727-81D1-9054C14DDC60}.Debug|anycpu.ActiveCfg = Debug|anycpu
		{18AB9927-BAEA-4727-81D1-9054C14DDC60}.Debug|anycpu.Build.0 = Debug|anycpu
		{18AB9927-BAEA-4727-81D1-9054C14DDC60}.Release|anycpu.ActiveCfg = Release|anycpu
		{18AB9927-BAEA-4727-81D1-9054C14DDC60}.Release|anycpu.Build.0 = Release|anycpu
	EndGlobalSection
	GlobalSection(SolutionProperties) = preSolution
		HideSolutionNode = FALSE
	EndGlobalSection
	GlobalSection(ExtensibilityGlobals) = postSolution
		SolutionGuid = {D274FD81-D6F8-4EB5-8C45-2C2C6FAE6939}
	EndGlobalSection
EndGlobal
